
Microsoft Visual Studio Solution File, Format Version 12.00
# Visual Studio Version 17
VisualStudioVersion = 17.14.36603.0
MinimumVisualStudioVersion = 10.0.40219.1
Project("{2150E333-8FDC-42A3-9474-1A3956D46DE8}") = "Task0", "Task0", "{36D591C7-65C7-A0D1-1CBC-10CDE441BDC8}"
EndProject
Project("{2150E333-8FDC-42A3-9474-1A3956D46DE8}") = "Task1", "Task1", "{183F74FA-BA2E-4D62-8E07-FAD4900DDF93}"
EndProject
Project("{2150E333-8FDC-42A3-9474-1A3956D46DE8}") = "Task2", "Task2", "{FFD99B67-054B-452B-A580-E4AC1110D53E}"
EndProject
Project("{2150E333-8FDC-42A3-9474-1A3956D46DE8}") = "Task3", "Task3", "{975F6214-7597-4604-9EF5-4A98BF6DB69A}"
EndProject
Project("{2150E333-8FDC-42A3-9474-1A3956D46DE8}") = "Task4", "Task4", "{56830564-FBB1-4796-8871-B5C2AC15F499}"
EndProject
Project("{2150E333-8FDC-42A3-9474-1A3956D46DE8}") = "Task5", "Task5", "{F5F88EB9-7DA4-461E-8493-099724E9C893}"
EndProject
Project("{2150E333-8FDC-42A3-9474-1A3956D46DE8}") = "Task6", "Task6", "{40936161-467C-4FB0-94EE-802E83FB7040}"
EndProject
Project("{2150E333-8FDC-42A3-9474-1A3956D46DE8}") = "Task7", "Task7", "{2F489A09-FC66-4D2A-8456-278CEA663E88}"
EndProject
Project("{FAE04EC0-301F-11D3-BF4B-00C04F79EFBC}") = "Tyuiu.ChuginNM.Sprint4.Task0.V4", "Tyuiu.ChuginNM.Sprint4.Task0.V4\Tyuiu.ChuginNM.Sprint4.Task0.V4.csproj", "{3C7AB7F6-06B9-42BD-9A3E-0EF15D27FF4E}"
EndProject
Project("{FAE04EC0-301F-11D3-BF4B-00C04F79EFBC}") = "Tyuiu.ChuginNM.Sprint4.Task0.V4.Lib", "Tyuiu.ChuginNM.Sprint4.Task0.V4.Lib\Tyuiu.ChuginNM.Sprint4.Task0.V4.Lib.csproj", "{D64ABE02-FAA8-406B-BD5A-B8144DC62AD7}"
EndProject
Project("{FAE04EC0-301F-11D3-BF4B-00C04F79EFBC}") = "Tyuiu.ChuginNM.Sprint4.Task0.V4.Test", "Tyuiu.ChuginNM.Sprint4.Task0.V4.Test\Tyuiu.ChuginNM.Sprint4.Task0.V4.Test.csproj", "{D8A934AB-A9D5-44B7-BB23-8D02DFBD7C43}"
EndProject
Project("{FAE04EC0-301F-11D3-BF4B-00C04F79EFBC}") = "Tyuiu.ChuginNM.Sprint4.Task1.V5", "Tyuiu.ChuginNM.Sprint4.Task1.V5\Tyuiu.ChuginNM.Sprint4.Task1.V5.csproj", "{1D443AEA-4D41-4D04-941A-D8A36ACDC04A}"
EndProject
Project("{FAE04EC0-301F-11D3-BF4B-00C04F79EFBC}") = "Tyuiu.ChuginNM.Sprint4.Task1.V5.Lib", "Tyuiu.ChuginNM.Sprint4.Task1.V5.Lib\Tyuiu.ChuginNM.Sprint4.Task1.V5.Lib.csproj", "{9A0913A2-5FD9-47FA-A90E-1046ED30F29D}"
EndProject
Project("{FAE04EC0-301F-11D3-BF4B-00C04F79EFBC}") = "Tyuiu.ChuginNM.Sprint4.Task1.V5.Test", "Tyuiu.ChuginNM.Sprint4.Task1.V5.Test\Tyuiu.ChuginNM.Sprint4.Task1.V5.Test.csproj", "{AA7743F4-95B0-45F5-BD72-3DEFBA8C2C33}"
EndProject
Project("{FAE04EC0-301F-11D3-BF4B-00C04F79EFBC}") = "Tyuiu.ChuginNM.Sprint4.Task2.V26", "Tyuiu.ChuginNM.Sprint4.Task2.V26\Tyuiu.ChuginNM.Sprint4.Task2.V26.csproj", "{13AC119D-2771-40B7-931B-B0BE7423C516}"
EndProject
Project("{FAE04EC0-301F-11D3-BF4B-00C04F79EFBC}") = "Tyuiu.ChuginNM.Sprint4.Task2.V26.Lib", "Tyuiu.ChuginNM.Sprint4.Task2.V26.Lib\Tyuiu.ChuginNM.Sprint4.Task2.V26.Lib.csproj", "{22085BCF-3711-4BF1-AB37-C35641C93949}"
EndProject
Project("{FAE04EC0-301F-11D3-BF4B-00C04F79EFBC}") = "Tyuiu.ChuginNM.Sprint4.Task2.V26.Test", "Tyuiu.ChuginNM.Sprint4.Task2.V26.Test\Tyuiu.ChuginNM.Sprint4.Task2.V26.Test.csproj", "{CC7F089F-0408-4E28-879A-CB2B92F0BA49}"
EndProject
Project("{FAE04EC0-301F-11D3-BF4B-00C04F79EFBC}") = "Tyuiu.ChuginNM.Sprint4.Task3.V17", "Tyuiu.ChuginNM.Sprint4.Task3.V17\Tyuiu.ChuginNM.Sprint4.Task3.V17.csproj", "{EFE831F1-8A8A-4572-A78B-E184E78F9DC3}"
EndProject
Project("{FAE04EC0-301F-11D3-BF4B-00C04F79EFBC}") = "Tyuiu.ChuginNM.Sprint4.Task3.V17.Test", "Tyuiu.ChuginNM.Sprint4.Task3.V17.Test\Tyuiu.ChuginNM.Sprint4.Task3.V17.Test.csproj", "{9D81A37B-08AB-44E5-9315-C7A1FF947DE7}"
EndProject
Project("{FAE04EC0-301F-11D3-BF4B-00C04F79EFBC}") = "Tyuiu.ChuginNM.Sprint4.Task3.V17.Lib", "Tyuiu.ChuginNM.Sprint4.Task3.V17.Lib\Tyuiu.ChuginNM.Sprint4.Task3.V17.Lib.csproj", "{44A5E1DC-6CB6-4E8E-A87E-6E472071E787}"
EndProject
Project("{FAE04EC0-301F-11D3-BF4B-00C04F79EFBC}") = "Tyuiu.ChuginNM.Sprint4.Task4.V2", "Tyuiu.ChuginNM.Sprint4.Task4.V2\Tyuiu.ChuginNM.Sprint4.Task4.V2.csproj", "{D563D1E8-8FC1-41B2-B241-EFF5FBF18B1A}"
EndProject
Project("{FAE04EC0-301F-11D3-BF4B-00C04F79EFBC}") = "Tyuiu.ChuginNM.Sprint4.Task4.V2.Lib", "Tyuiu.ChuginNM.Sprint4.Task4.V2.Lib\Tyuiu.ChuginNM.Sprint4.Task4.V2.Lib.csproj", "{6093CF65-3381-40D4-9A13-4A35E5AEC473}"
EndProject
Project("{FAE04EC0-301F-11D3-BF4B-00C04F79EFBC}") = "Tyuiu.ChuginNM.Sprint4.Task4.V2.Test", "Tyuiu.ChuginNM.Sprint4.Task4.V2.Test\Tyuiu.ChuginNM.Sprint4.Task4.V2.Test.csproj", "{5D234F18-92F6-4326-8296-73098700BB21}"
EndProject
Project("{FAE04EC0-301F-11D3-BF4B-00C04F79EFBC}") = "Tyuiu.ChuginNM.Sprint4.Task5.V28", "Tyuiu.ChuginNM.Sprint4.Task5.V28\Tyuiu.ChuginNM.Sprint4.Task5.V28.csproj", "{627900D3-70A5-49F2-93A5-0EA5422F9217}"
EndProject
Project("{FAE04EC0-301F-11D3-BF4B-00C04F79EFBC}") = "Tyuiu.ChuginNM.Sprint4.Task5.V28.Lib", "Tyuiu.ChuginNM.Sprint4.Task5.V28.Lib\Tyuiu.ChuginNM.Sprint4.Task5.V28.Lib.csproj", "{096F1DEB-462C-4A48-B1F5-2DB6CA726463}"
EndProject
Project("{FAE04EC0-301F-11D3-BF4B-00C04F79EFBC}") = "Tyuiu.ChuginNM.Sprint4.Task5.V28.Test", "Tyuiu.ChuginNM.Sprint4.Task5.V28.Test\Tyuiu.ChuginNM.Sprint4.Task5.V28.Test.csproj", "{5488EA32-6475-4F51-ADFA-D9B9A4F5D307}"
EndProject
Project("{FAE04EC0-301F-11D3-BF4B-00C04F79EFBC}") = "Tyuiu.ChuginNM.Sprint4.Task6.V19", "Tyuiu.ChuginNM.Sprint4.Task6.V19\Tyuiu.ChuginNM.Sprint4.Task6.V19.csproj", "{CF0CF3A6-9C00-49BD-A624-C1252794251A}"
EndProject
Project("{FAE04EC0-301F-11D3-BF4B-00C04F79EFBC}") = "Tyuiu.ChuginNM.Sprint4.Task6.V19.Lib", "Tyuiu.ChuginNM.Sprint4.Task6.V19.Lib\Tyuiu.ChuginNM.Sprint4.Task6.V19.Lib.csproj", "{5242E191-284F-4167-B0DA-9B2B4A0C4291}"
EndProject
Project("{FAE04EC0-301F-11D3-BF4B-00C04F79EFBC}") = "Tyuiu.ChuginNM.Sprint4.Task6.V19.Test", "Tyuiu.ChuginNM.Sprint4.Task6.V19.Test\Tyuiu.ChuginNM.Sprint4.Task6.V19.Test.csproj", "{588ED1F1-E22D-4064-BC02-7A0930135A54}"
EndProject
Project("{FAE04EC0-301F-11D3-BF4B-00C04F79EFBC}") = "Tyuiu.ChuginNM.Sprint4.Task7.V12", "Tyuiu.ChuginNM.Sprint4.Task7.V12\Tyuiu.ChuginNM.Sprint4.Task7.V12.csproj", "{D9EF3C6A-9F75-49C0-9973-CB93B733BB0A}"
EndProject
Project("{FAE04EC0-301F-11D3-BF4B-00C04F79EFBC}") = "Tyuiu.ChuginNM.Sprint4.Task7.V12.Lib", "Tyuiu.ChuginNM.Sprint4.Task7.V12.Lib\Tyuiu.ChuginNM.Sprint4.Task7.V12.Lib.csproj", "{FFA7305E-1C7A-4ECB-889C-E834133310BB}"
EndProject
Project("{FAE04EC0-301F-11D3-BF4B-00C04F79EFBC}") = "Tyuiu.ChuginNM.Sprint4.Task7.V12.Test", "Tyuiu.ChuginNM.Sprint4.Task7.V12.Test\Tyuiu.ChuginNM.Sprint4.Task7.V12.Test.csproj", "{1C288BA7-F9AC-4599-82B1-10D30202A005}"
EndProject
Global
	GlobalSection(SolutionConfigurationPlatforms) = preSolution
		Debug|Any CPU = Debug|Any CPU
		Release|Any CPU = Release|Any CPU
	EndGlobalSection
	GlobalSection(ProjectConfigurationPlatforms) = postSolution
		{3C7AB7F6-06B9-42BD-9A3E-0EF15D27FF4E}.Debug|Any CPU.ActiveCfg = Debug|Any CPU
		{3C7AB7F6-06B9-42BD-9A3E-0EF15D27FF4E}.Debug|Any CPU.Build.0 = Debug|Any CPU
		{3C7AB7F6-06B9-42BD-9A3E-0EF15D27FF4E}.Release|Any CPU.ActiveCfg = Release|Any CPU
		{3C7AB7F6-06B9-42BD-9A3E-0EF15D27FF4E}.Release|Any CPU.Build.0 = Release|Any CPU
		{D64ABE02-FAA8-406B-BD5A-B8144DC62AD7}.Debug|Any CPU.ActiveCfg = Debug|Any CPU
		{D64ABE02-FAA8-406B-BD5A-B8144DC62AD7}.Debug|Any CPU.Build.0 = Debug|Any CPU
		{D64ABE02-FAA8-406B-BD5A-B8144DC62AD7}.Release|Any CPU.ActiveCfg = Release|Any CPU
		{D64ABE02-FAA8-406B-BD5A-B8144DC62AD7}.Release|Any CPU.Build.0 = Release|Any CPU
		{D8A934AB-A9D5-44B7-BB23-8D02DFBD7C43}.Debug|Any CPU.ActiveCfg = Debug|Any CPU
		{D8A934AB-A9D5-44B7-BB23-8D02DFBD7C43}.Debug|Any CPU.Build.0 = Debug|Any CPU
		{D8A934AB-A9D5-44B7-BB23-8D02DFBD7C43}.Release|Any CPU.ActiveCfg = Release|Any CPU
		{D8A934AB-A9D5-44B7-BB23-8D02DFBD7C43}.Release|Any CPU.Build.0 = Release|Any CPU
		{1D443AEA-4D41-4D04-941A-D8A36ACDC04A}.Debug|Any CPU.ActiveCfg = Debug|Any CPU
		{1D443AEA-4D41-4D04-941A-D8A36ACDC04A}.Debug|Any CPU.Build.0 = Debug|Any CPU
		{1D443AEA-4D41-4D04-941A-D8A36ACDC04A}.Release|Any CPU.ActiveCfg = Release|Any CPU
		{1D443AEA-4D41-4D04-941A-D8A36ACDC04A}.Release|Any CPU.Build.0 = Release|Any CPU
		{9A0913A2-5FD9-47FA-A90E-1046ED30F29D}.Debug|Any CPU.ActiveCfg = Debug|Any CPU
		{9A0913A2-5FD9-47FA-A90E-1046ED30F29D}.Debug|Any CPU.Build.0 = Debug|Any CPU
		{9A0913A2-5FD9-47FA-A90E-1046ED30F29D}.Release|Any CPU.ActiveCfg = Release|Any CPU
		{9A0913A2-5FD9-47FA-A90E-1046ED30F29D}.Release|Any CPU.Build.0 = Release|Any CPU
		{AA7743F4-95B0-45F5-BD72-3DEFBA8C2C33}.Debug|Any CPU.ActiveCfg = Debug|Any CPU
		{AA7743F4-95B0-45F5-BD72-3DEFBA8C2C33}.Debug|Any CPU.Build.0 = Debug|Any CPU
		{AA7743F4-95B0-45F5-BD72-3DEFBA8C2C33}.Release|Any CPU.ActiveCfg = Release|Any CPU
		{AA7743F4-95B0-45F5-BD72-3DEFBA8C2C33}.Release|Any CPU.Build.0 = Release|Any CPU
		{13AC119D-2771-40B7-931B-B0BE7423C516}.Debug|Any CPU.ActiveCfg = Debug|Any CPU
		{13AC119D-2771-40B7-931B-B0BE7423C516}.Debug|Any CPU.Build.0 = Debug|Any CPU
		{13AC119D-2771-40B7-931B-B0BE7423C516}.Release|Any CPU.ActiveCfg = Release|Any CPU
		{13AC119D-2771-40B7-931B-B0BE7423C516}.Release|Any CPU.Build.0 = Release|Any CPU
		{22085BCF-3711-4BF1-AB37-C35641C93949}.Debug|Any CPU.ActiveCfg = Debug|Any CPU
		{22085BCF-3711-4BF1-AB37-C35641C93949}.Debug|Any CPU.Build.0 = Debug|Any CPU
		{22085BCF-3711-4BF1-AB37-C35641C93949}.Release|Any CPU.ActiveCfg = Release|Any CPU
		{22085BCF-3711-4BF1-AB37-C35641C93949}.Release|Any CPU.Build.0 = Release|Any CPU
		{CC7F089F-0408-4E28-879A-CB2B92F0BA49}.Debug|Any CPU.ActiveCfg = Debug|Any CPU
		{CC7F089F-0408-4E28-879A-CB2B92F0BA49}.Debug|Any CPU.Build.0 = Debug|Any CPU
		{CC7F089F-0408-4E28-879A-CB2B92F0BA49}.Release|Any CPU.ActiveCfg = Release|Any CPU
		{CC7F089F-0408-4E28-879A-CB2B92F0BA49}.Release|Any CPU.Build.0 = Release|Any CPU
		{EFE831F1-8A8A-4572-A78B-E184E78F9DC3}.Debug|Any CPU.ActiveCfg = Debug|Any CPU
		{EFE831F1-8A8A-4572-A78B-E184E78F9DC3}.Debug|Any CPU.Build.0 = Debug|Any CPU
		{EFE831F1-8A8A-4572-A78B-E184E78F9DC3}.Release|Any CPU.ActiveCfg = Release|Any CPU
		{EFE831F1-8A8A-4572-A78B-E184E78F9DC3}.Release|Any CPU.Build.0 = Release|Any CPU
		{9D81A37B-08AB-44E5-9315-C7A1FF947DE7}.Debug|Any CPU.ActiveCfg = Debug|Any CPU
		{9D81A37B-08AB-44E5-9315-C7A1FF947DE7}.Debug|Any CPU.Build.0 = Debug|Any CPU
		{9D81A37B-08AB-44E5-9315-C7A1FF947DE7}.Release|Any CPU.ActiveCfg = Release|Any CPU
		{9D81A37B-08AB-44E5-9315-C7A1FF947DE7}.Release|Any CPU.Build.0 = Release|Any CPU
		{44A5E1DC-6CB6-4E8E-A87E-6E472071E787}.Debug|Any CPU.ActiveCfg = Debug|Any CPU
		{44A5E1DC-6CB6-4E8E-A87E-6E472071E787}.Debug|Any CPU.Build.0 = Debug|Any CPU
		{44A5E1DC-6CB6-4E8E-A87E-6E472071E787}.Release|Any CPU.ActiveCfg = Release|Any CPU
		{44A5E1DC-6CB6-4E8E-A87E-6E472071E787}.Release|Any CPU.Build.0 = Release|Any CPU
		{D563D1E8-8FC1-41B2-B241-EFF5FBF18B1A}.Debug|Any CPU.ActiveCfg = Debug|Any CPU
		{D563D1E8-8FC1-41B2-B241-EFF5FBF18B1A}.Debug|Any CPU.Build.0 = Debug|Any CPU
		{D563D1E8-8FC1-41B2-B241-EFF5FBF18B1A}.Release|Any CPU.ActiveCfg = Release|Any CPU
		{D563D1E8-8FC1-41B2-B241-EFF5FBF18B1A}.Release|Any CPU.Build.0 = Release|Any CPU
		{6093CF65-3381-40D4-9A13-4A35E5AEC473}.Debug|Any CPU.ActiveCfg = Debug|Any CPU
		{6093CF65-3381-40D4-9A13-4A35E5AEC473}.Debug|Any CPU.Build.0 = Debug|Any CPU
		{6093CF65-3381-40D4-9A13-4A35E5AEC473}.Release|Any CPU.ActiveCfg = Release|Any CPU
		{6093CF65-3381-40D4-9A13-4A35E5AEC473}.Release|Any CPU.Build.0 = Release|Any CPU
		{5D234F18-92F6-4326-8296-73098700BB21}.Debug|Any CPU.ActiveCfg = Debug|Any CPU
		{5D234F18-92F6-4326-8296-73098700BB21}.Debug|Any CPU.Build.0 = Debug|Any CPU
		{5D234F18-92F6-4326-8296-73098700BB21}.Release|Any CPU.ActiveCfg = Release|Any CPU
		{5D234F18-92F6-4326-8296-73098700BB21}.Release|Any CPU.Build.0 = Release|Any CPU
		{627900D3-70A5-49F2-93A5-0EA5422F9217}.Debug|Any CPU.ActiveCfg = Debug|Any CPU
		{627900D3-70A5-49F2-93A5-0EA5422F9217}.Debug|Any CPU.Build.0 = Debug|Any CPU
		{627900D3-70A5-49F2-93A5-0EA5422F9217}.Release|Any CPU.ActiveCfg = Release|Any CPU
		{627900D3-70A5-49F2-93A5-0EA5422F9217}.Release|Any CPU.Build.0 = Release|Any CPU
		{096F1DEB-462C-4A48-B1F5-2DB6CA726463}.Debug|Any CPU.ActiveCfg = Debug|Any CPU
		{096F1DEB-462C-4A48-B1F5-2DB6CA726463}.Debug|Any CPU.Build.0 = Debug|Any CPU
		{096F1DEB-462C-4A48-B1F5-2DB6CA726463}.Release|Any CPU.ActiveCfg = Release|Any CPU
		{096F1DEB-462C-4A48-B1F5-2DB6CA726463}.Release|Any CPU.Build.0 = Release|Any CPU
		{5488EA32-6475-4F51-ADFA-D9B9A4F5D307}.Debug|Any CPU.ActiveCfg = Debug|Any CPU
		{5488EA32-6475-4F51-ADFA-D9B9A4F5D307}.Debug|Any CPU.Build.0 = Debug|Any CPU
		{5488EA32-6475-4F51-ADFA-D9B9A4F5D307}.Release|Any CPU.ActiveCfg = Release|Any CPU
		{5488EA32-6475-4F51-ADFA-D9B9A4F5D307}.Release|Any CPU.Build.0 = Release|Any CPU
		{CF0CF3A6-9C00-49BD-A624-C1252794251A}.Debug|Any CPU.ActiveCfg = Debug|Any CPU
		{CF0CF3A6-9C00-49BD-A624-C1252794251A}.Debug|Any CPU.Build.0 = Debug|Any CPU
		{CF0CF3A6-9C00-49BD-A624-C1252794251A}.Release|Any CPU.ActiveCfg = Release|Any CPU
		{CF0CF3A6-9C00-49BD-A624-C1252794251A}.Release|Any CPU.Build.0 = Release|Any CPU
		{5242E191-284F-4167-B0DA-9B2B4A0C4291}.Debug|Any CPU.ActiveCfg = Debug|Any CPU
		{5242E191-284F-4167-B0DA-9B2B4A0C4291}.Debug|Any CPU.Build.0 = Debug|Any CPU
		{5242E191-284F-4167-B0DA-9B2B4A0C4291}.Release|Any CPU.ActiveCfg = Release|Any CPU
		{5242E191-284F-4167-B0DA-9B2B4A0C4291}.Release|Any CPU.Build.0 = Release|Any CPU
		{588ED1F1-E22D-4064-BC02-7A0930135A54}.Debug|Any CPU.ActiveCfg = Debug|Any CPU
		{588ED1F1-E22D-4064-BC02-7A0930135A54}.Debug|Any CPU.Build.0 = Debug|Any CPU
		{588ED1F1-E22D-4064-BC02-7A0930135A54}.Release|Any CPU.ActiveCfg = Release|Any CPU
		{588ED1F1-E22D-4064-BC02-7A0930135A54}.Release|Any CPU.Build.0 = Release|Any CPU
		{D9EF3C6A-9F75-49C0-9973-CB93B733BB0A}.Debug|Any CPU.ActiveCfg = Debug|Any CPU
		{D9EF3C6A-9F75-49C0-9973-CB93B733BB0A}.Debug|Any CPU.Build.0 = Debug|Any CPU
		{D9EF3C6A-9F75-49C0-9973-CB93B733BB0A}.Release|Any CPU.ActiveCfg = Release|Any CPU
		{D9EF3C6A-9F75-49C0-9973-CB93B733BB0A}.Release|Any CPU.Build.0 = Release|Any CPU
		{FFA7305E-1C7A-4ECB-889C-E834133310BB}.Debug|Any CPU.ActiveCfg = Debug|Any CPU
		{FFA7305E-1C7A-4ECB-889C-E834133310BB}.Debug|Any CPU.Build.0 = Debug|Any CPU
		{FFA7305E-1C7A-4ECB-889C-E834133310BB}.Release|Any CPU.ActiveCfg = Release|Any CPU
		{FFA7305E-1C7A-4ECB-889C-E834133310BB}.Release|Any CPU.Build.0 = Release|Any CPU
		{1C288BA7-F9AC-4599-82B1-10D30202A005}.Debug|Any CPU.ActiveCfg = Debug|Any CPU
		{1C288BA7-F9AC-4599-82B1-10D30202A005}.Debug|Any CPU.Build.0 = Debug|Any CPU
		{1C288BA7-F9AC-4599-82B1-10D30202A005}.Release|Any CPU.ActiveCfg = Release|Any CPU
		{1C288BA7-F9AC-4599-82B1-10D30202A005}.Release|Any CPU.Build.0 = Release|Any CPU
	EndGlobalSection
	GlobalSection(SolutionProperties) = preSolution
		HideSolutionNode = FALSE
	EndGlobalSection
	GlobalSection(NestedProjects) = preSolution
		{3C7AB7F6-06B9-42BD-9A3E-0EF15D27FF4E} = {36D591C7-65C7-A0D1-1CBC-10CDE441BDC8}
		{D64ABE02-FAA8-406B-BD5A-B8144DC62AD7} = {36D591C7-65C7-A0D1-1CBC-10CDE441BDC8}
		{D8A934AB-A9D5-44B7-BB23-8D02DFBD7C43} = {36D591C7-65C7-A0D1-1CBC-10CDE441BDC8}
		{1D443AEA-4D41-4D04-941A-D8A36ACDC04A} = {183F74FA-BA2E-4D62-8E07-FAD4900DDF93}
		{9A0913A2-5FD9-47FA-A90E-1046ED30F29D} = {183F74FA-BA2E-4D62-8E07-FAD4900DDF93}
		{AA7743F4-95B0-45F5-BD72-3DEFBA8C2C33} = {183F74FA-BA2E-4D62-8E07-FAD4900DDF93}
		{13AC119D-2771-40B7-931B-B0BE7423C516} = {FFD99B67-054B-452B-A580-E4AC1110D53E}
		{22085BCF-3711-4BF1-AB37-C35641C93949} = {FFD99B67-054B-452B-A580-E4AC1110D53E}
		{CC7F089F-0408-4E28-879A-CB2B92F0BA49} = {FFD99B67-054B-452B-A580-E4AC1110D53E}
		{EFE831F1-8A8A-4572-A78B-E184E78F9DC3} = {975F6214-7597-4604-9EF5-4A98BF6DB69A}
		{9D81A37B-08AB-44E5-9315-C7A1FF947DE7} = {975F6214-7597-4604-9EF5-4A98BF6DB69A}
		{44A5E1DC-6CB6-4E8E-A87E-6E472071E787} = {975F6214-7597-4604-9EF5-4A98BF6DB69A}
		{D563D1E8-8FC1-41B2-B241-EFF5FBF18B1A} = {56830564-FBB1-4796-8871-B5C2AC15F499}
		{6093CF65-3381-40D4-9A13-4A35E5AEC473} = {56830564-FBB1-4796-8871-B5C2AC15F499}
		{5D234F18-92F6-4326-8296-73098700BB21} = {56830564-FBB1-4796-8871-B5C2AC15F499}
		{627900D3-70A5-49F2-93A5-0EA5422F9217} = {F5F88EB9-7DA4-461E-8493-099724E9C893}
		{096F1DEB-462C-4A48-B1F5-2DB6CA726463} = {F5F88EB9-7DA4-461E-8493-099724E9C893}
		{5488EA32-6475-4F51-ADFA-D9B9A4F5D307} = {F5F88EB9-7DA4-461E-8493-099724E9C893}
		{CF0CF3A6-9C00-49BD-A624-C1252794251A} = {40936161-467C-4FB0-94EE-802E83FB7040}
		{5242E191-284F-4167-B0DA-9B2B4A0C4291} = {40936161-467C-4FB0-94EE-802E83FB7040}
		{588ED1F1-E22D-4064-BC02-7A0930135A54} = {40936161-467C-4FB0-94EE-802E83FB7040}
		{D9EF3C6A-9F75-49C0-9973-CB93B733BB0A} = {2F489A09-FC66-4D2A-8456-278CEA663E88}
		{FFA7305E-1C7A-4ECB-889C-E834133310BB} = {2F489A09-FC66-4D2A-8456-278CEA663E88}
		{1C288BA7-F9AC-4599-82B1-10D30202A005} = {2F489A09-FC66-4D2A-8456-278CEA663E88}
	EndGlobalSection
	GlobalSection(ExtensibilityGlobals) = postSolution
		SolutionGuid = {CD34B209-D976-42FB-8D7D-B30BE793FD92}
	EndGlobalSection
EndGlobal
